// !$*UTF8*$!
{
	archiveVersion = 1;
	classes = {
	};
	objectVersion = 56;
	objects = {

/* Begin PBXBuildFile section */
		103FD9922A499AF800CC7F9B /* Icon.swift in Sources */ = {isa = PBXBuildFile; fileRef = 103FD9912A499AF800CC7F9B /* Icon.swift */; };
		103FD9942A499B2100CC7F9B /* Colors.swift in Sources */ = {isa = PBXBuildFile; fileRef = 103FD9932A499B2100CC7F9B /* Colors.swift */; };
		103FD9962A499B9300CC7F9B /* Design.swift in Sources */ = {isa = PBXBuildFile; fileRef = 103FD9952A499B9300CC7F9B /* Design.swift */; };
		103FD9982A499BF200CC7F9B /* Helpers.swift in Sources */ = {isa = PBXBuildFile; fileRef = 103FD9972A499BF200CC7F9B /* Helpers.swift */; };
		103FD99A2A499C1000CC7F9B /* Log.swift in Sources */ = {isa = PBXBuildFile; fileRef = 103FD9992A499C1000CC7F9B /* Log.swift */; };
		10660D112A4832AF003BD758 /* Interactor.swift in Sources */ = {isa = PBXBuildFile; fileRef = 10660D102A4832AF003BD758 /* Interactor.swift */; };
		10660D132A4832C7003BD758 /* Presenter.swift in Sources */ = {isa = PBXBuildFile; fileRef = 10660D122A4832C7003BD758 /* Presenter.swift */; };
		10660D152A4832EF003BD758 /* Router.swift in Sources */ = {isa = PBXBuildFile; fileRef = 10660D142A4832EF003BD758 /* Router.swift */; };
		10660D172A483324003BD758 /* Viewer.swift in Sources */ = {isa = PBXBuildFile; fileRef = 10660D162A483324003BD758 /* Viewer.swift */; };
		10660D192A4833A0003BD758 /* ModuleFactory.swift in Sources */ = {isa = PBXBuildFile; fileRef = 10660D182A4833A0003BD758 /* ModuleFactory.swift */; };
		10660D1F2A48372C003BD758 /* CameraInteractor.swift in Sources */ = {isa = PBXBuildFile; fileRef = 10660D1E2A48372C003BD758 /* CameraInteractor.swift */; };
		10660D212A483770003BD758 /* CameraPresenter.swift in Sources */ = {isa = PBXBuildFile; fileRef = 10660D202A483770003BD758 /* CameraPresenter.swift */; };
		10660D232A48377B003BD758 /* CameraRouter.swift in Sources */ = {isa = PBXBuildFile; fileRef = 10660D222A48377B003BD758 /* CameraRouter.swift */; };
		10660D252A483786003BD758 /* CameraViewController.swift in Sources */ = {isa = PBXBuildFile; fileRef = 10660D242A483786003BD758 /* CameraViewController.swift */; };
		10660D2B2A484C72003BD758 /* Localized.swift in Sources */ = {isa = PBXBuildFile; fileRef = 10660D2A2A484C72003BD758 /* Localized.swift */; };
		10660D2E2A484E58003BD758 /* Localizable.strings in Resources */ = {isa = PBXBuildFile; fileRef = 10660D302A484E58003BD758 /* Localizable.strings */; };
		10660D352A485DB3003BD758 /* Fonts.swift in Sources */ = {isa = PBXBuildFile; fileRef = 10660D342A485DB3003BD758 /* Fonts.swift */; };
		106BC3BA2A4750F70032686C /* AppDelegate.swift in Sources */ = {isa = PBXBuildFile; fileRef = 106BC3B92A4750F70032686C /* AppDelegate.swift */; };
		106BC3BC2A4750F70032686C /* SceneDelegate.swift in Sources */ = {isa = PBXBuildFile; fileRef = 106BC3BB2A4750F70032686C /* SceneDelegate.swift */; };
		106BC3C32A4750F80032686C /* Assets.xcassets in Resources */ = {isa = PBXBuildFile; fileRef = 106BC3C22A4750F80032686C /* Assets.xcassets */; };
		106BC3C62A4750F80032686C /* LaunchScreen.storyboard in Resources */ = {isa = PBXBuildFile; fileRef = 106BC3C42A4750F80032686C /* LaunchScreen.storyboard */; };
		106BC3D12A4750F80032686C /* StickerCamTests.swift in Sources */ = {isa = PBXBuildFile; fileRef = 106BC3D02A4750F80032686C /* StickerCamTests.swift */; };
		106BC3DB2A4750F80032686C /* StickerCamUITests.swift in Sources */ = {isa = PBXBuildFile; fileRef = 106BC3DA2A4750F80032686C /* StickerCamUITests.swift */; };
		106BC3DD2A4750F80032686C /* StickerCamUITestsLaunchTests.swift in Sources */ = {isa = PBXBuildFile; fileRef = 106BC3DC2A4750F80032686C /* StickerCamUITestsLaunchTests.swift */; };
		1088859D2A475952001CE2BC /* SnapKit in Frameworks */ = {isa = PBXBuildFile; productRef = 1088859C2A475952001CE2BC /* SnapKit */; };
		108885A02A476896001CE2BC /* README.md in Resources */ = {isa = PBXBuildFile; fileRef = 1088859F2A476896001CE2BC /* README.md */; };
/* End PBXBuildFile section */

/* Begin PBXContainerItemProxy section */
		106BC3CD2A4750F80032686C /* PBXContainerItemProxy */ = {
			isa = PBXContainerItemProxy;
			containerPortal = 106BC3AE2A4750F70032686C /* Project object */;
			proxyType = 1;
			remoteGlobalIDString = 106BC3B52A4750F70032686C;
			remoteInfo = StickerCam;
		};
		106BC3D72A4750F80032686C /* PBXContainerItemProxy */ = {
			isa = PBXContainerItemProxy;
			containerPortal = 106BC3AE2A4750F70032686C /* Project object */;
			proxyType = 1;
			remoteGlobalIDString = 106BC3B52A4750F70032686C;
			remoteInfo = StickerCam;
		};
/* End PBXContainerItemProxy section */

/* Begin PBXFileReference section */
		103FD9912A499AF800CC7F9B /* Icon.swift */ = {isa = PBXFileReference; lastKnownFileType = sourcecode.swift; path = Icon.swift; sourceTree = "<group>"; };
		103FD9932A499B2100CC7F9B /* Colors.swift */ = {isa = PBXFileReference; lastKnownFileType = sourcecode.swift; path = Colors.swift; sourceTree = "<group>"; };
		103FD9952A499B9300CC7F9B /* Design.swift */ = {isa = PBXFileReference; lastKnownFileType = sourcecode.swift; path = Design.swift; sourceTree = "<group>"; };
		103FD9972A499BF200CC7F9B /* Helpers.swift */ = {isa = PBXFileReference; lastKnownFileType = sourcecode.swift; path = Helpers.swift; sourceTree = "<group>"; };
		103FD9992A499C1000CC7F9B /* Log.swift */ = {isa = PBXFileReference; lastKnownFileType = sourcecode.swift; path = Log.swift; sourceTree = "<group>"; };
		10660D102A4832AF003BD758 /* Interactor.swift */ = {isa = PBXFileReference; lastKnownFileType = sourcecode.swift; path = Interactor.swift; sourceTree = "<group>"; };
		10660D122A4832C7003BD758 /* Presenter.swift */ = {isa = PBXFileReference; lastKnownFileType = sourcecode.swift; path = Presenter.swift; sourceTree = "<group>"; };
		10660D142A4832EF003BD758 /* Router.swift */ = {isa = PBXFileReference; lastKnownFileType = sourcecode.swift; path = Router.swift; sourceTree = "<group>"; };
		10660D162A483324003BD758 /* Viewer.swift */ = {isa = PBXFileReference; lastKnownFileType = sourcecode.swift; path = Viewer.swift; sourceTree = "<group>"; };
		10660D182A4833A0003BD758 /* ModuleFactory.swift */ = {isa = PBXFileReference; lastKnownFileType = sourcecode.swift; path = ModuleFactory.swift; sourceTree = "<group>"; };
		10660D1E2A48372C003BD758 /* CameraInteractor.swift */ = {isa = PBXFileReference; lastKnownFileType = sourcecode.swift; path = CameraInteractor.swift; sourceTree = "<group>"; };
		10660D202A483770003BD758 /* CameraPresenter.swift */ = {isa = PBXFileReference; lastKnownFileType = sourcecode.swift; path = CameraPresenter.swift; sourceTree = "<group>"; };
		10660D222A48377B003BD758 /* CameraRouter.swift */ = {isa = PBXFileReference; lastKnownFileType = sourcecode.swift; path = CameraRouter.swift; sourceTree = "<group>"; };
		10660D242A483786003BD758 /* CameraViewController.swift */ = {isa = PBXFileReference; lastKnownFileType = sourcecode.swift; path = CameraViewController.swift; sourceTree = "<group>"; };
		10660D2A2A484C72003BD758 /* Localized.swift */ = {isa = PBXFileReference; lastKnownFileType = sourcecode.swift; path = Localized.swift; sourceTree = "<group>"; };
		10660D2F2A484E58003BD758 /* en */ = {isa = PBXFileReference; lastKnownFileType = text.plist.strings; name = en; path = en.lproj/Localizable.strings; sourceTree = "<group>"; };
		10660D312A484E6F003BD758 /* pl */ = {isa = PBXFileReference; lastKnownFileType = text.plist.strings; name = pl; path = pl.lproj/Localizable.strings; sourceTree = "<group>"; };
		10660D342A485DB3003BD758 /* Fonts.swift */ = {isa = PBXFileReference; lastKnownFileType = sourcecode.swift; path = Fonts.swift; sourceTree = "<group>"; };
		106BC3B62A4750F70032686C /* StickerCam.app */ = {isa = PBXFileReference; explicitFileType = wrapper.application; includeInIndex = 0; path = StickerCam.app; sourceTree = BUILT_PRODUCTS_DIR; };
		106BC3B92A4750F70032686C /* AppDelegate.swift */ = {isa = PBXFileReference; lastKnownFileType = sourcecode.swift; path = AppDelegate.swift; sourceTree = "<group>"; };
		106BC3BB2A4750F70032686C /* SceneDelegate.swift */ = {isa = PBXFileReference; lastKnownFileType = sourcecode.swift; path = SceneDelegate.swift; sourceTree = "<group>"; };
		106BC3C22A4750F80032686C /* Assets.xcassets */ = {isa = PBXFileReference; lastKnownFileType = folder.assetcatalog; path = Assets.xcassets; sourceTree = "<group>"; };
		106BC3C52A4750F80032686C /* Base */ = {isa = PBXFileReference; lastKnownFileType = file.storyboard; name = Base; path = Base.lproj/LaunchScreen.storyboard; sourceTree = "<group>"; };
		106BC3C72A4750F80032686C /* Info.plist */ = {isa = PBXFileReference; lastKnownFileType = text.plist.xml; path = Info.plist; sourceTree = "<group>"; };
		106BC3CC2A4750F80032686C /* StickerCamTests.xctest */ = {isa = PBXFileReference; explicitFileType = wrapper.cfbundle; includeInIndex = 0; path = StickerCamTests.xctest; sourceTree = BUILT_PRODUCTS_DIR; };
		106BC3D02A4750F80032686C /* StickerCamTests.swift */ = {isa = PBXFileReference; lastKnownFileType = sourcecode.swift; path = StickerCamTests.swift; sourceTree = "<group>"; };
		106BC3D62A4750F80032686C /* StickerCamUITests.xctest */ = {isa = PBXFileReference; explicitFileType = wrapper.cfbundle; includeInIndex = 0; path = StickerCamUITests.xctest; sourceTree = BUILT_PRODUCTS_DIR; };
		106BC3DA2A4750F80032686C /* StickerCamUITests.swift */ = {isa = PBXFileReference; lastKnownFileType = sourcecode.swift; path = StickerCamUITests.swift; sourceTree = "<group>"; };
		106BC3DC2A4750F80032686C /* StickerCamUITestsLaunchTests.swift */ = {isa = PBXFileReference; lastKnownFileType = sourcecode.swift; path = StickerCamUITestsLaunchTests.swift; sourceTree = "<group>"; };
		1088859F2A476896001CE2BC /* README.md */ = {isa = PBXFileReference; fileEncoding = 4; lastKnownFileType = net.daringfireball.markdown; path = README.md; sourceTree = "<group>"; };
/* End PBXFileReference section */

/* Begin PBXFrameworksBuildPhase section */
		106BC3B32A4750F70032686C /* Frameworks */ = {
			isa = PBXFrameworksBuildPhase;
			buildActionMask = 2147483647;
			files = (
				1088859D2A475952001CE2BC /* SnapKit in Frameworks */,
			);
			runOnlyForDeploymentPostprocessing = 0;
		};
		106BC3C92A4750F80032686C /* Frameworks */ = {
			isa = PBXFrameworksBuildPhase;
			buildActionMask = 2147483647;
			files = (
			);
			runOnlyForDeploymentPostprocessing = 0;
		};
		106BC3D32A4750F80032686C /* Frameworks */ = {
			isa = PBXFrameworksBuildPhase;
			buildActionMask = 2147483647;
			files = (
			);
			runOnlyForDeploymentPostprocessing = 0;
		};
/* End PBXFrameworksBuildPhase section */

/* Begin PBXGroup section */
		103FD9902A499AE900CC7F9B /* Resources */ = {
			isa = PBXGroup;
			children = (
				10660D2A2A484C72003BD758 /* Localized.swift */,
				10660D342A485DB3003BD758 /* Fonts.swift */,
				103FD9912A499AF800CC7F9B /* Icon.swift */,
				103FD9932A499B2100CC7F9B /* Colors.swift */,
				10660D302A484E58003BD758 /* Localizable.strings */,
				103FD9952A499B9300CC7F9B /* Design.swift */,
				106BC3C22A4750F80032686C /* Assets.xcassets */,
				106BC3C42A4750F80032686C /* LaunchScreen.storyboard */,
			);
			path = Resources;
			sourceTree = "<group>";
		};
		10660D0F2A48329A003BD758 /* VIP */ = {
			isa = PBXGroup;
			children = (
				10660D102A4832AF003BD758 /* Interactor.swift */,
				10660D122A4832C7003BD758 /* Presenter.swift */,
				10660D142A4832EF003BD758 /* Router.swift */,
				10660D162A483324003BD758 /* Viewer.swift */,
				10660D182A4833A0003BD758 /* ModuleFactory.swift */,
			);
			path = VIP;
			sourceTree = "<group>";
		};
		10660D1C2A483712003BD758 /* Modules */ = {
			isa = PBXGroup;
			children = (
				10660D1D2A48371C003BD758 /* Camera */,
			);
			path = Modules;
			sourceTree = "<group>";
		};
		10660D1D2A48371C003BD758 /* Camera */ = {
			isa = PBXGroup;
			children = (
				10660D1E2A48372C003BD758 /* CameraInteractor.swift */,
				10660D202A483770003BD758 /* CameraPresenter.swift */,
				10660D222A48377B003BD758 /* CameraRouter.swift */,
				10660D242A483786003BD758 /* CameraViewController.swift */,
			);
			path = Camera;
			sourceTree = "<group>";
		};
		10660D262A483DC8003BD758 /* App */ = {
			isa = PBXGroup;
			children = (
				106BC3B92A4750F70032686C /* AppDelegate.swift */,
				106BC3BB2A4750F70032686C /* SceneDelegate.swift */,
			);
			path = App;
			sourceTree = "<group>";
		};
		10660D292A484C42003BD758 /* Utils */ = {
			isa = PBXGroup;
			children = (
				103FD9972A499BF200CC7F9B /* Helpers.swift */,
				103FD9992A499C1000CC7F9B /* Log.swift */,
			);
			path = Utils;
			sourceTree = "<group>";
		};
		106BC3AD2A4750F70032686C = {
			isa = PBXGroup;
			children = (
				1088859F2A476896001CE2BC /* README.md */,
				106BC3B82A4750F70032686C /* StickerCam */,
				106BC3CF2A4750F80032686C /* StickerCamTests */,
				106BC3D92A4750F80032686C /* StickerCamUITests */,
				106BC3B72A4750F70032686C /* Products */,
			);
			sourceTree = "<group>";
		};
		106BC3B72A4750F70032686C /* Products */ = {
			isa = PBXGroup;
			children = (
				106BC3B62A4750F70032686C /* StickerCam.app */,
				106BC3CC2A4750F80032686C /* StickerCamTests.xctest */,
				106BC3D62A4750F80032686C /* StickerCamUITests.xctest */,
			);
			name = Products;
			sourceTree = "<group>";
		};
		106BC3B82A4750F70032686C /* StickerCam */ = {
			isa = PBXGroup;
			children = (
				103FD9902A499AE900CC7F9B /* Resources */,
				10660D292A484C42003BD758 /* Utils */,
				106BC3C72A4750F80032686C /* Info.plist */,
				10660D262A483DC8003BD758 /* App */,
				10660D1C2A483712003BD758 /* Modules */,
				10660D0F2A48329A003BD758 /* VIP */,
			);
			path = StickerCam;
			sourceTree = "<group>";
		};
		106BC3CF2A4750F80032686C /* StickerCamTests */ = {
			isa = PBXGroup;
			children = (
				106BC3D02A4750F80032686C /* StickerCamTests.swift */,
			);
			path = StickerCamTests;
			sourceTree = "<group>";
		};
		106BC3D92A4750F80032686C /* StickerCamUITests */ = {
			isa = PBXGroup;
			children = (
				106BC3DA2A4750F80032686C /* StickerCamUITests.swift */,
				106BC3DC2A4750F80032686C /* StickerCamUITestsLaunchTests.swift */,
			);
			path = StickerCamUITests;
			sourceTree = "<group>";
		};
/* End PBXGroup section */

/* Begin PBXNativeTarget section */
		106BC3B52A4750F70032686C /* StickerCam */ = {
			isa = PBXNativeTarget;
			buildConfigurationList = 106BC3E02A4750F80032686C /* Build configuration list for PBXNativeTarget "StickerCam" */;
			buildPhases = (
				106BC3B22A4750F70032686C /* Sources */,
				106BC3B32A4750F70032686C /* Frameworks */,
				106BC3B42A4750F70032686C /* Resources */,
				1088859E2A475B49001CE2BC /* SwiftLint */,
			);
			buildRules = (
			);
			dependencies = (
			);
			name = StickerCam;
			packageProductDependencies = (
				1088859C2A475952001CE2BC /* SnapKit */,
			);
			productName = StickerCam;
			productReference = 106BC3B62A4750F70032686C /* StickerCam.app */;
			productType = "com.apple.product-type.application";
		};
		106BC3CB2A4750F80032686C /* StickerCamTests */ = {
			isa = PBXNativeTarget;
			buildConfigurationList = 106BC3E32A4750F80032686C /* Build configuration list for PBXNativeTarget "StickerCamTests" */;
			buildPhases = (
				106BC3C82A4750F80032686C /* Sources */,
				106BC3C92A4750F80032686C /* Frameworks */,
				106BC3CA2A4750F80032686C /* Resources */,
			);
			buildRules = (
			);
			dependencies = (
				106BC3CE2A4750F80032686C /* PBXTargetDependency */,
			);
			name = StickerCamTests;
			productName = StickerCamTests;
			productReference = 106BC3CC2A4750F80032686C /* StickerCamTests.xctest */;
			productType = "com.apple.product-type.bundle.unit-test";
		};
		106BC3D52A4750F80032686C /* StickerCamUITests */ = {
			isa = PBXNativeTarget;
			buildConfigurationList = 106BC3E62A4750F80032686C /* Build configuration list for PBXNativeTarget "StickerCamUITests" */;
			buildPhases = (
				106BC3D22A4750F80032686C /* Sources */,
				106BC3D32A4750F80032686C /* Frameworks */,
				106BC3D42A4750F80032686C /* Resources */,
			);
			buildRules = (
			);
			dependencies = (
				106BC3D82A4750F80032686C /* PBXTargetDependency */,
			);
			name = StickerCamUITests;
			productName = StickerCamUITests;
			productReference = 106BC3D62A4750F80032686C /* StickerCamUITests.xctest */;
			productType = "com.apple.product-type.bundle.ui-testing";
		};
/* End PBXNativeTarget section */

/* Begin PBXProject section */
		106BC3AE2A4750F70032686C /* Project object */ = {
			isa = PBXProject;
			attributes = {
				BuildIndependentTargetsInParallel = 1;
				LastSwiftUpdateCheck = 1430;
				LastUpgradeCheck = 1430;
				TargetAttributes = {
					106BC3B52A4750F70032686C = {
						CreatedOnToolsVersion = 14.3.1;
					};
					106BC3CB2A4750F80032686C = {
						CreatedOnToolsVersion = 14.3.1;
						TestTargetID = 106BC3B52A4750F70032686C;
					};
					106BC3D52A4750F80032686C = {
						CreatedOnToolsVersion = 14.3.1;
						TestTargetID = 106BC3B52A4750F70032686C;
					};
				};
			};
			buildConfigurationList = 106BC3B12A4750F70032686C /* Build configuration list for PBXProject "StickerCam" */;
			compatibilityVersion = "Xcode 14.0";
			developmentRegion = en;
			hasScannedForEncodings = 0;
			knownRegions = (
				en,
				Base,
				pl,
			);
			mainGroup = 106BC3AD2A4750F70032686C;
			packageReferences = (
				1088859B2A475952001CE2BC /* XCRemoteSwiftPackageReference "SnapKit" */,
			);
			productRefGroup = 106BC3B72A4750F70032686C /* Products */;
			projectDirPath = "";
			projectRoot = "";
			targets = (
				106BC3B52A4750F70032686C /* StickerCam */,
				106BC3CB2A4750F80032686C /* StickerCamTests */,
				106BC3D52A4750F80032686C /* StickerCamUITests */,
			);
		};
/* End PBXProject section */

/* Begin PBXResourcesBuildPhase section */
		106BC3B42A4750F70032686C /* Resources */ = {
			isa = PBXResourcesBuildPhase;
			buildActionMask = 2147483647;
			files = (
				106BC3C62A4750F80032686C /* LaunchScreen.storyboard in Resources */,
				10660D2E2A484E58003BD758 /* Localizable.strings in Resources */,
				106BC3C32A4750F80032686C /* Assets.xcassets in Resources */,
				108885A02A476896001CE2BC /* README.md in Resources */,
			);
			runOnlyForDeploymentPostprocessing = 0;
		};
		106BC3CA2A4750F80032686C /* Resources */ = {
			isa = PBXResourcesBuildPhase;
			buildActionMask = 2147483647;
			files = (
			);
			runOnlyForDeploymentPostprocessing = 0;
		};
		106BC3D42A4750F80032686C /* Resources */ = {
			isa = PBXResourcesBuildPhase;
			buildActionMask = 2147483647;
			files = (
			);
			runOnlyForDeploymentPostprocessing = 0;
		};
/* End PBXResourcesBuildPhase section */

/* Begin PBXShellScriptBuildPhase section */
		1088859E2A475B49001CE2BC /* SwiftLint */ = {
			isa = PBXShellScriptBuildPhase;
			alwaysOutOfDate = 1;
			buildActionMask = 2147483647;
			files = (
			);
			inputFileListPaths = (
			);
			inputPaths = (
			);
			name = SwiftLint;
			outputFileListPaths = (
			);
			outputPaths = (
			);
			runOnlyForDeploymentPostprocessing = 0;
			shellPath = /bin/sh;
			shellScript = "if [[ \"$(uname -m)\" == arm64 ]]; then\n    export PATH=\"/opt/homebrew/bin:$PATH\"\nfi\n\nif which swiftlint > /dev/null; then\n  swiftlint\nelse\n  echo \"warning: SwiftLint not installed, download from https://github.com/realm/SwiftLint\"\nfi\n";
		};
/* End PBXShellScriptBuildPhase section */

/* Begin PBXSourcesBuildPhase section */
		106BC3B22A4750F70032686C /* Sources */ = {
			isa = PBXSourcesBuildPhase;
			buildActionMask = 2147483647;
			files = (
				10660D352A485DB3003BD758 /* Fonts.swift in Sources */,
				103FD9962A499B9300CC7F9B /* Design.swift in Sources */,
				103FD99A2A499C1000CC7F9B /* Log.swift in Sources */,
				103FD9942A499B2100CC7F9B /* Colors.swift in Sources */,
				106BC3BA2A4750F70032686C /* AppDelegate.swift in Sources */,
				10660D112A4832AF003BD758 /* Interactor.swift in Sources */,
				103FD9922A499AF800CC7F9B /* Icon.swift in Sources */,
				10660D212A483770003BD758 /* CameraPresenter.swift in Sources */,
				10660D172A483324003BD758 /* Viewer.swift in Sources */,
				10660D252A483786003BD758 /* CameraViewController.swift in Sources */,
				10660D192A4833A0003BD758 /* ModuleFactory.swift in Sources */,
				103FD9982A499BF200CC7F9B /* Helpers.swift in Sources */,
				10660D1F2A48372C003BD758 /* CameraInteractor.swift in Sources */,
				106BC3BC2A4750F70032686C /* SceneDelegate.swift in Sources */,
				10660D232A48377B003BD758 /* CameraRouter.swift in Sources */,
				10660D152A4832EF003BD758 /* Router.swift in Sources */,
				10660D2B2A484C72003BD758 /* Localized.swift in Sources */,
				10660D132A4832C7003BD758 /* Presenter.swift in Sources */,
			);
			runOnlyForDeploymentPostprocessing = 0;
		};
		106BC3C82A4750F80032686C /* Sources */ = {
			isa = PBXSourcesBuildPhase;
			buildActionMask = 2147483647;
			files = (
				106BC3D12A4750F80032686C /* StickerCamTests.swift in Sources */,
			);
			runOnlyForDeploymentPostprocessing = 0;
		};
		106BC3D22A4750F80032686C /* Sources */ = {
			isa = PBXSourcesBuildPhase;
			buildActionMask = 2147483647;
			files = (
				106BC3DD2A4750F80032686C /* StickerCamUITestsLaunchTests.swift in Sources */,
				106BC3DB2A4750F80032686C /* StickerCamUITests.swift in Sources */,
			);
			runOnlyForDeploymentPostprocessing = 0;
		};
/* End PBXSourcesBuildPhase section */

/* Begin PBXTargetDependency section */
		106BC3CE2A4750F80032686C /* PBXTargetDependency */ = {
			isa = PBXTargetDependency;
			target = 106BC3B52A4750F70032686C /* StickerCam */;
			targetProxy = 106BC3CD2A4750F80032686C /* PBXContainerItemProxy */;
		};
		106BC3D82A4750F80032686C /* PBXTargetDependency */ = {
			isa = PBXTargetDependency;
			target = 106BC3B52A4750F70032686C /* StickerCam */;
			targetProxy = 106BC3D72A4750F80032686C /* PBXContainerItemProxy */;
		};
/* End PBXTargetDependency section */

/* Begin PBXVariantGroup section */
		10660D302A484E58003BD758 /* Localizable.strings */ = {
			isa = PBXVariantGroup;
			children = (
				10660D2F2A484E58003BD758 /* en */,
				10660D312A484E6F003BD758 /* pl */,
			);
			name = Localizable.strings;
			sourceTree = "<group>";
		};
		106BC3C42A4750F80032686C /* LaunchScreen.storyboard */ = {
			isa = PBXVariantGroup;
			children = (
				106BC3C52A4750F80032686C /* Base */,
			);
			name = LaunchScreen.storyboard;
			sourceTree = "<group>";
		};
/* End PBXVariantGroup section */

/* Begin XCBuildConfiguration section */
		106BC3DE2A4750F80032686C /* Debug */ = {
			isa = XCBuildConfiguration;
			buildSettings = {
				ALWAYS_SEARCH_USER_PATHS = NO;
				CLANG_ANALYZER_LOCALIZABILITY_NONLOCALIZED = YES;
				CLANG_ANALYZER_NONNULL = YES;
				CLANG_ANALYZER_NUMBER_OBJECT_CONVERSION = YES_AGGRESSIVE;
				CLANG_CXX_LANGUAGE_STANDARD = "gnu++20";
				CLANG_ENABLE_MODULES = YES;
				CLANG_ENABLE_OBJC_ARC = YES;
				CLANG_ENABLE_OBJC_WEAK = YES;
				CLANG_WARN_BLOCK_CAPTURE_AUTORELEASING = YES;
				CLANG_WARN_BOOL_CONVERSION = YES;
				CLANG_WARN_COMMA = YES;
				CLANG_WARN_CONSTANT_CONVERSION = YES;
				CLANG_WARN_DEPRECATED_OBJC_IMPLEMENTATIONS = YES;
				CLANG_WARN_DIRECT_OBJC_ISA_USAGE = YES_ERROR;
				CLANG_WARN_DOCUMENTATION_COMMENTS = YES;
				CLANG_WARN_EMPTY_BODY = YES;
				CLANG_WARN_ENUM_CONVERSION = YES;
				CLANG_WARN_INFINITE_RECURSION = YES;
				CLANG_WARN_INT_CONVERSION = YES;
				CLANG_WARN_NON_LITERAL_NULL_CONVERSION = YES;
				CLANG_WARN_OBJC_IMPLICIT_RETAIN_SELF = YES;
				CLANG_WARN_OBJC_LITERAL_CONVERSION = YES;
				CLANG_WARN_OBJC_ROOT_CLASS = YES_ERROR;
				CLANG_WARN_QUOTED_INCLUDE_IN_FRAMEWORK_HEADER = YES;
				CLANG_WARN_RANGE_LOOP_ANALYSIS = YES;
				CLANG_WARN_STRICT_PROTOTYPES = YES;
				CLANG_WARN_SUSPICIOUS_MOVE = YES;
				CLANG_WARN_UNGUARDED_AVAILABILITY = YES_AGGRESSIVE;
				CLANG_WARN_UNREACHABLE_CODE = YES;
				CLANG_WARN__DUPLICATE_METHOD_MATCH = YES;
				COPY_PHASE_STRIP = NO;
				DEBUG_INFORMATION_FORMAT = dwarf;
				ENABLE_STRICT_OBJC_MSGSEND = YES;
				ENABLE_TESTABILITY = YES;
				GCC_C_LANGUAGE_STANDARD = gnu11;
				GCC_DYNAMIC_NO_PIC = NO;
				GCC_NO_COMMON_BLOCKS = YES;
				GCC_OPTIMIZATION_LEVEL = 0;
				GCC_PREPROCESSOR_DEFINITIONS = (
					"DEBUG=1",
					"$(inherited)",
				);
				GCC_WARN_64_TO_32_BIT_CONVERSION = YES;
				GCC_WARN_ABOUT_RETURN_TYPE = YES_ERROR;
				GCC_WARN_UNDECLARED_SELECTOR = YES;
				GCC_WARN_UNINITIALIZED_AUTOS = YES_AGGRESSIVE;
				GCC_WARN_UNUSED_FUNCTION = YES;
				GCC_WARN_UNUSED_VARIABLE = YES;
				IPHONEOS_DEPLOYMENT_TARGET = 16.4;
				MTL_ENABLE_DEBUG_INFO = INCLUDE_SOURCE;
				MTL_FAST_MATH = YES;
				ONLY_ACTIVE_ARCH = YES;
				SDKROOT = iphoneos;
				SWIFT_ACTIVE_COMPILATION_CONDITIONS = DEBUG;
				SWIFT_OPTIMIZATION_LEVEL = "-Onone";
			};
			name = Debug;
		};
		106BC3DF2A4750F80032686C /* Release */ = {
			isa = XCBuildConfiguration;
			buildSettings = {
				ALWAYS_SEARCH_USER_PATHS = NO;
				CLANG_ANALYZER_LOCALIZABILITY_NONLOCALIZED = YES;
				CLANG_ANALYZER_NONNULL = YES;
				CLANG_ANALYZER_NUMBER_OBJECT_CONVERSION = YES_AGGRESSIVE;
				CLANG_CXX_LANGUAGE_STANDARD = "gnu++20";
				CLANG_ENABLE_MODULES = YES;
				CLANG_ENABLE_OBJC_ARC = YES;
				CLANG_ENABLE_OBJC_WEAK = YES;
				CLANG_WARN_BLOCK_CAPTURE_AUTORELEASING = YES;
				CLANG_WARN_BOOL_CONVERSION = YES;
				CLANG_WARN_COMMA = YES;
				CLANG_WARN_CONSTANT_CONVERSION = YES;
				CLANG_WARN_DEPRECATED_OBJC_IMPLEMENTATIONS = YES;
				CLANG_WARN_DIRECT_OBJC_ISA_USAGE = YES_ERROR;
				CLANG_WARN_DOCUMENTATION_COMMENTS = YES;
				CLANG_WARN_EMPTY_BODY = YES;
				CLANG_WARN_ENUM_CONVERSION = YES;
				CLANG_WARN_INFINITE_RECURSION = YES;
				CLANG_WARN_INT_CONVERSION = YES;
				CLANG_WARN_NON_LITERAL_NULL_CONVERSION = YES;
				CLANG_WARN_OBJC_IMPLICIT_RETAIN_SELF = YES;
				CLANG_WARN_OBJC_LITERAL_CONVERSION = YES;
				CLANG_WARN_OBJC_ROOT_CLASS = YES_ERROR;
				CLANG_WARN_QUOTED_INCLUDE_IN_FRAMEWORK_HEADER = YES;
				CLANG_WARN_RANGE_LOOP_ANALYSIS = YES;
				CLANG_WARN_STRICT_PROTOTYPES = YES;
				CLANG_WARN_SUSPICIOUS_MOVE = YES;
				CLANG_WARN_UNGUARDED_AVAILABILITY = YES_AGGRESSIVE;
				CLANG_WARN_UNREACHABLE_CODE = YES;
				CLANG_WARN__DUPLICATE_METHOD_MATCH = YES;
				COPY_PHASE_STRIP = NO;
				DEBUG_INFORMATION_FORMAT = "dwarf-with-dsym";
				ENABLE_NS_ASSERTIONS = NO;
				ENABLE_STRICT_OBJC_MSGSEND = YES;
				GCC_C_LANGUAGE_STANDARD = gnu11;
				GCC_NO_COMMON_BLOCKS = YES;
				GCC_WARN_64_TO_32_BIT_CONVERSION = YES;
				GCC_WARN_ABOUT_RETURN_TYPE = YES_ERROR;
				GCC_WARN_UNDECLARED_SELECTOR = YES;
				GCC_WARN_UNINITIALIZED_AUTOS = YES_AGGRESSIVE;
				GCC_WARN_UNUSED_FUNCTION = YES;
				GCC_WARN_UNUSED_VARIABLE = YES;
				IPHONEOS_DEPLOYMENT_TARGET = 16.4;
				MTL_ENABLE_DEBUG_INFO = NO;
				MTL_FAST_MATH = YES;
				SDKROOT = iphoneos;
				SWIFT_COMPILATION_MODE = wholemodule;
				SWIFT_OPTIMIZATION_LEVEL = "-O";
				VALIDATE_PRODUCT = YES;
			};
			name = Release;
		};
		106BC3E12A4750F80032686C /* Debug */ = {
			isa = XCBuildConfiguration;
			buildSettings = {
				ASSETCATALOG_COMPILER_APPICON_NAME = AppIcon;
				ASSETCATALOG_COMPILER_GLOBAL_ACCENT_COLOR_NAME = AccentColor;
				CODE_SIGN_STYLE = Automatic;
				CURRENT_PROJECT_VERSION = 1;
				DEVELOPMENT_TEAM = ZNA2T8MA7Y;
				GENERATE_INFOPLIST_FILE = YES;
				INFOPLIST_FILE = StickerCam/Info.plist;
				INFOPLIST_KEY_UIApplicationSupportsIndirectInputEvents = YES;
				INFOPLIST_KEY_UILaunchStoryboardName = LaunchScreen;
				INFOPLIST_KEY_UIMainStoryboardFile = "";
				INFOPLIST_KEY_UISupportedInterfaceOrientations_iPad = "UIInterfaceOrientationPortrait UIInterfaceOrientationPortraitUpsideDown UIInterfaceOrientationLandscapeLeft UIInterfaceOrientationLandscapeRight";
				INFOPLIST_KEY_UISupportedInterfaceOrientations_iPhone = "UIInterfaceOrientationPortrait UIInterfaceOrientationLandscapeLeft UIInterfaceOrientationLandscapeRight";
				IPHONEOS_DEPLOYMENT_TARGET = 15.6;
				LD_RUNPATH_SEARCH_PATHS = (
					"$(inherited)",
					"@executable_path/Frameworks",
				);
				MARKETING_VERSION = 1.0;
				PRODUCT_BUNDLE_IDENTIFIER = qdzia.StickerCam;
				PRODUCT_NAME = "$(TARGET_NAME)";
				SWIFT_EMIT_LOC_STRINGS = YES;
				SWIFT_VERSION = 5.0;
				TARGETED_DEVICE_FAMILY = "1,2";
			};
			name = Debug;
		};
		106BC3E22A4750F80032686C /* Release */ = {
			isa = XCBuildConfiguration;
			buildSettings = {
				ASSETCATALOG_COMPILER_APPICON_NAME = AppIcon;
				ASSETCATALOG_COMPILER_GLOBAL_ACCENT_COLOR_NAME = AccentColor;
				CODE_SIGN_STYLE = Automatic;
				CURRENT_PROJECT_VERSION = 1;
				DEVELOPMENT_TEAM = ZNA2T8MA7Y;
				GENERATE_INFOPLIST_FILE = YES;
				INFOPLIST_FILE = StickerCam/Info.plist;
				INFOPLIST_KEY_UIApplicationSupportsIndirectInputEvents = YES;
				INFOPLIST_KEY_UILaunchStoryboardName = LaunchScreen;
				INFOPLIST_KEY_UIMainStoryboardFile = "";
				INFOPLIST_KEY_UISupportedInterfaceOrientations_iPad = "UIInterfaceOrientationPortrait UIInterfaceOrientationPortraitUpsideDown UIInterfaceOrientationLandscapeLeft UIInterfaceOrientationLandscapeRight";
				INFOPLIST_KEY_UISupportedInterfaceOrientations_iPhone = "UIInterfaceOrientationPortrait UIInterfaceOrientationLandscapeLeft UIInterfaceOrientationLandscapeRight";
				IPHONEOS_DEPLOYMENT_TARGET = 15.6;
				LD_RUNPATH_SEARCH_PATHS = (
					"$(inherited)",
					"@executable_path/Frameworks",
				);
				MARKETING_VERSION = 1.0;
				PRODUCT_BUNDLE_IDENTIFIER = qdzia.StickerCam;
				PRODUCT_NAME = "$(TARGET_NAME)";
				SWIFT_EMIT_LOC_STRINGS = YES;
				SWIFT_VERSION = 5.0;
				TARGETED_DEVICE_FAMILY = "1,2";
			};
			name = Release;
		};
		106BC3E42A4750F80032686C /* Debug */ = {
			isa = XCBuildConfiguration;
			buildSettings = {
				ALWAYS_EMBED_SWIFT_STANDARD_LIBRARIES = YES;
				BUNDLE_LOADER = "$(TEST_HOST)";
				CODE_SIGN_STYLE = Automatic;
				CURRENT_PROJECT_VERSION = 1;
				GENERATE_INFOPLIST_FILE = YES;
				IPHONEOS_DEPLOYMENT_TARGET = 16.4;
				MARKETING_VERSION = 1.0;
				PRODUCT_BUNDLE_IDENTIFIER = qdzia.StickerCamTests;
				PRODUCT_NAME = "$(TARGET_NAME)";
				SWIFT_EMIT_LOC_STRINGS = NO;
				SWIFT_VERSION = 5.0;
				TARGETED_DEVICE_FAMILY = "1,2";
				TEST_HOST = "$(BUILT_PRODUCTS_DIR)/StickerCam.app/$(BUNDLE_EXECUTABLE_FOLDER_PATH)/StickerCam";
			};
			name = Debug;
		};
		106BC3E52A4750F80032686C /* Release */ = {
			isa = XCBuildConfiguration;
			buildSettings = {
				ALWAYS_EMBED_SWIFT_STANDARD_LIBRARIES = YES;
				BUNDLE_LOADER = "$(TEST_HOST)";
				CODE_SIGN_STYLE = Automatic;
				CURRENT_PROJECT_VERSION = 1;
				GENERATE_INFOPLIST_FILE = YES;
				IPHONEOS_DEPLOYMENT_TARGET = 16.4;
				MARKETING_VERSION = 1.0;
				PRODUCT_BUNDLE_IDENTIFIER = qdzia.StickerCamTests;
				PRODUCT_NAME = "$(TARGET_NAME)";
				SWIFT_EMIT_LOC_STRINGS = NO;
				SWIFT_VERSION = 5.0;
				TARGETED_DEVICE_FAMILY = "1,2";
				TEST_HOST = "$(BUILT_PRODUCTS_DIR)/StickerCam.app/$(BUNDLE_EXECUTABLE_FOLDER_PATH)/StickerCam";
			};
			name = Release;
		};
		106BC3E72A4750F80032686C /* Debug */ = {
			isa = XCBuildConfiguration;
			buildSettings = {
				ALWAYS_EMBED_SWIFT_STANDARD_LIBRARIES = YES;
				CODE_SIGN_STYLE = Automatic;
				CURRENT_PROJECT_VERSION = 1;
				GENERATE_INFOPLIST_FILE = YES;
				MARKETING_VERSION = 1.0;
				PRODUCT_BUNDLE_IDENTIFIER = qdzia.StickerCamUITests;
				PRODUCT_NAME = "$(TARGET_NAME)";
				SWIFT_EMIT_LOC_STRINGS = NO;
				SWIFT_VERSION = 5.0;
				TARGETED_DEVICE_FAMILY = "1,2";
				TEST_TARGET_NAME = StickerCam;
			};
			name = Debug;
		};
		106BC3E82A4750F80032686C /* Release */ = {
			isa = XCBuildConfiguration;
			buildSettings = {
				ALWAYS_EMBED_SWIFT_STANDARD_LIBRARIES = YES;
				CODE_SIGN_STYLE = Automatic;
				CURRENT_PROJECT_VERSION = 1;
				GENERATE_INFOPLIST_FILE = YES;
				MARKETING_VERSION = 1.0;
				PRODUCT_BUNDLE_IDENTIFIER = qdzia.StickerCamUITests;
				PRODUCT_NAME = "$(TARGET_NAME)";
				SWIFT_EMIT_LOC_STRINGS = NO;
				SWIFT_VERSION = 5.0;
				TARGETED_DEVICE_FAMILY = "1,2";
				TEST_TARGET_NAME = StickerCam;
			};
			name = Release;
		};
/* End XCBuildConfiguration section */

/* Begin XCConfigurationList section */
		106BC3B12A4750F70032686C /* Build configuration list for PBXProject "StickerCam" */ = {
			isa = XCConfigurationList;
			buildConfigurations = (
				106BC3DE2A4750F80032686C /* Debug */,
				106BC3DF2A4750F80032686C /* Release */,
			);
			defaultConfigurationIsVisible = 0;
			defaultConfigurationName = Release;
		};
		106BC3E02A4750F80032686C /* Build configuration list for PBXNativeTarget "StickerCam" */ = {
			isa = XCConfigurationList;
			buildConfigurations = (
				106BC3E12A4750F80032686C /* Debug */,
				106BC3E22A4750F80032686C /* Release */,
			);
			defaultConfigurationIsVisible = 0;
			defaultConfigurationName = Release;
		};
		106BC3E32A4750F80032686C /* Build configuration list for PBXNativeTarget "StickerCamTests" */ = {
			isa = XCConfigurationList;
			buildConfigurations = (
				106BC3E42A4750F80032686C /* Debug */,
				106BC3E52A4750F80032686C /* Release */,
			);
			defaultConfigurationIsVisible = 0;
			defaultConfigurationName = Release;
		};
		106BC3E62A4750F80032686C /* Build configuration list for PBXNativeTarget "StickerCamUITests" */ = {
			isa = XCConfigurationList;
			buildConfigurations = (
				106BC3E72A4750F80032686C /* Debug */,
				106BC3E82A4750F80032686C /* Release */,
			);
			defaultConfigurationIsVisible = 0;
			defaultConfigurationName = Release;
		};
/* End XCConfigurationList section */

/* Begin XCRemoteSwiftPackageReference section */
		1088859B2A475952001CE2BC /* XCRemoteSwiftPackageReference "SnapKit" */ = {
			isa = XCRemoteSwiftPackageReference;
			repositoryURL = "https://github.com/SnapKit/SnapKit.git";
			requirement = {
				kind = upToNextMajorVersion;
				minimumVersion = 5.0.0;
			};
		};
/* End XCRemoteSwiftPackageReference section */

/* Begin XCSwiftPackageProductDependency section */
		1088859C2A475952001CE2BC /* SnapKit */ = {
			isa = XCSwiftPackageProductDependency;
			package = 1088859B2A475952001CE2BC /* XCRemoteSwiftPackageReference "SnapKit" */;
			productName = SnapKit;
		};
/* End XCSwiftPackageProductDependency section */
	};
	rootObject = 106BC3AE2A4750F70032686C /* Project object */;
}
